// !$*UTF8*$!
{
	archiveVersion = 1;
	classes = {
	};
	objectVersion = 56;
	objects = {

/* Begin PBXBuildFile section */
		A61D603E2ABDAB040020CD54 /* main.cpp in Sources */ = {isa = PBXBuildFile; fileRef = A61D603D2ABDAB040020CD54 /* main.cpp */; };
		A61D61722ABDC5490020CD54 /* MP4ParseContext.cpp in Sources */ = {isa = PBXBuildFile; fileRef = A61D61702ABDC5490020CD54 /* MP4ParseContext.cpp */; };
		A62F77A82ABDCCBF00C854FC /* MP4ParserUtils.c in Sources */ = {isa = PBXBuildFile; fileRef = A62F77A72ABDCCBF00C854FC /* MP4ParserUtils.c */; };
/* End PBXBuildFile section */

/* Begin PBXCopyFilesBuildPhase section */
		A61D60382ABDAB040020CD54 /* CopyFiles */ = {
			isa = PBXCopyFilesBuildPhase;
			buildActionMask = 2147483647;
			dstPath = /usr/share/man/man1/;
			dstSubfolderSpec = 0;
			files = (
			);
			runOnlyForDeploymentPostprocessing = 1;
		};
/* End PBXCopyFilesBuildPhase section */

/* Begin PBXFileReference section */
		A61D603A2ABDAB040020CD54 /* metacleaner */ = {isa = PBXFileReference; explicitFileType = "compiled.mach-o.executable"; includeInIndex = 0; path = metacleaner; sourceTree = BUILT_PRODUCTS_DIR; };
		A61D603D2ABDAB040020CD54 /* main.cpp */ = {isa = PBXFileReference; lastKnownFileType = sourcecode.cpp.cpp; path = main.cpp; sourceTree = "<group>"; };
		A61D61702ABDC5490020CD54 /* MP4ParseContext.cpp */ = {isa = PBXFileReference; lastKnownFileType = sourcecode.cpp.cpp; path = MP4ParseContext.cpp; sourceTree = "<group>"; };
		A61D61712ABDC5490020CD54 /* MP4ParseContext.h */ = {isa = PBXFileReference; lastKnownFileType = sourcecode.c.h; path = MP4ParseContext.h; sourceTree = "<group>"; };
		A62F77A62ABDCCBF00C854FC /* MP4ParserUtils.h */ = {isa = PBXFileReference; lastKnownFileType = sourcecode.c.h; path = MP4ParserUtils.h; sourceTree = "<group>"; };
		A62F77A72ABDCCBF00C854FC /* MP4ParserUtils.c */ = {isa = PBXFileReference; lastKnownFileType = sourcecode.c.c; path = MP4ParserUtils.c; sourceTree = "<group>"; };
/* End PBXFileReference section */

/* Begin PBXFrameworksBuildPhase section */
		A61D60372ABDAB040020CD54 /* Frameworks */ = {
			isa = PBXFrameworksBuildPhase;
			buildActionMask = 2147483647;
			files = (
			);
			runOnlyForDeploymentPostprocessing = 0;
		};
/* End PBXFrameworksBuildPhase section */

/* Begin PBXGroup section */
		A61D60312ABDAB040020CD54 = {
			isa = PBXGroup;
			children = (
				A61D603C2ABDAB040020CD54 /* metacleaner */,
				A61D603B2ABDAB040020CD54 /* Products */,
			);
			sourceTree = "<group>";
		};
		A61D603B2ABDAB040020CD54 /* Products */ = {
			isa = PBXGroup;
			children = (
				A61D603A2ABDAB040020CD54 /* metacleaner */,
			);
			name = Products;
			sourceTree = "<group>";
		};
		A61D603C2ABDAB040020CD54 /* metacleaner */ = {
			isa = PBXGroup;
			children = (
				A61D603D2ABDAB040020CD54 /* main.cpp */,
				A61D61702ABDC5490020CD54 /* MP4ParseContext.cpp */,
				A61D61712ABDC5490020CD54 /* MP4ParseContext.h */,
				A62F77A62ABDCCBF00C854FC /* MP4ParserUtils.h */,
				A62F77A72ABDCCBF00C854FC /* MP4ParserUtils.c */,
			);
			path = metacleaner;
			sourceTree = "<group>";
		};
/* End PBXGroup section */

/* Begin PBXNativeTarget section */
		A61D60392ABDAB040020CD54 /* metacleaner */ = {
			isa = PBXNativeTarget;
			buildConfigurationList = A61D60412ABDAB040020CD54 /* Build configuration list for PBXNativeTarget "metacleaner" */;
			buildPhases = (
				A61D60362ABDAB040020CD54 /* Sources */,
				A61D60372ABDAB040020CD54 /* Frameworks */,
				A61D60382ABDAB040020CD54 /* CopyFiles */,
			);
			buildRules = (
			);
			dependencies = (
			);
			name = metacleaner;
			productName = metacleaner;
			productReference = A61D603A2ABDAB040020CD54 /* metacleaner */;
			productType = "com.apple.product-type.tool";
		};
/* End PBXNativeTarget section */

/* Begin PBXProject section */
		A61D60322ABDAB040020CD54 /* Project object */ = {
			isa = PBXProject;
			attributes = {
				BuildIndependentTargetsInParallel = 1;
				LastUpgradeCheck = 1410;
				TargetAttributes = {
					A61D60392ABDAB040020CD54 = {
						CreatedOnToolsVersion = 14.1;
					};
				};
			};
			buildConfigurationList = A61D60352ABDAB040020CD54 /* Build configuration list for PBXProject "metacleaner" */;
			compatibilityVersion = "Xcode 14.0";
			developmentRegion = en;
			hasScannedForEncodings = 0;
			knownRegions = (
				en,
				Base,
			);
			mainGroup = A61D60312ABDAB040020CD54;
			productRefGroup = A61D603B2ABDAB040020CD54 /* Products */;
			projectDirPath = "";
			projectRoot = "";
			targets = (
				A61D60392ABDAB040020CD54 /* metacleaner */,
			);
		};
/* End PBXProject section */

/* Begin PBXSourcesBuildPhase section */
		A61D60362ABDAB040020CD54 /* Sources */ = {
			isa = PBXSourcesBuildPhase;
			buildActionMask = 2147483647;
			files = (
				A61D603E2ABDAB040020CD54 /* main.cpp in Sources */,
				A61D61722ABDC5490020CD54 /* MP4ParseContext.cpp in Sources */,
				A62F77A82ABDCCBF00C854FC /* MP4ParserUtils.c in Sources */,
			);
			runOnlyForDeploymentPostprocessing = 0;
		};
/* End PBXSourcesBuildPhase section */

/* Begin XCBuildConfiguration section */
		A61D603F2ABDAB040020CD54 /* Debug */ = {
			isa = XCBuildConfiguration;
			buildSettings = {
				ALWAYS_SEARCH_USER_PATHS = NO;
				CLANG_ANALYZER_NONNULL = YES;
				CLANG_ANALYZER_NUMBER_OBJECT_CONVERSION = YES_AGGRESSIVE;
				CLANG_CXX_LANGUAGE_STANDARD = "gnu++20";
				CLANG_ENABLE_MODULES = YES;
				CLANG_ENABLE_OBJC_ARC = YES;
				CLANG_ENABLE_OBJC_WEAK = YES;
				CLANG_WARN_BLOCK_CAPTURE_AUTORELEASING = YES;
				CLANG_WARN_BOOL_CONVERSION = YES;
				CLANG_WARN_COMMA = YES;
				CLANG_WARN_CONSTANT_CONVERSION = YES;
				CLANG_WARN_DEPRECATED_OBJC_IMPLEMENTATIONS = YES;
				CLANG_WARN_DIRECT_OBJC_ISA_USAGE = YES_ERROR;
				CLANG_WARN_DOCUMENTATION_COMMENTS = YES;
				CLANG_WARN_EMPTY_BODY = YES;
				CLANG_WARN_ENUM_CONVERSION = YES;
				CLANG_WARN_INFINITE_RECURSION = YES;
				CLANG_WARN_INT_CONVERSION = YES;
				CLANG_WARN_NON_LITERAL_NULL_CONVERSION = YES;
				CLANG_WARN_OBJC_IMPLICIT_RETAIN_SELF = YES;
				CLANG_WARN_OBJC_LITERAL_CONVERSION = YES;
				CLANG_WARN_OBJC_ROOT_CLASS = YES_ERROR;
				CLANG_WARN_QUOTED_INCLUDE_IN_FRAMEWORK_HEADER = YES;
				CLANG_WARN_RANGE_LOOP_ANALYSIS = YES;
				CLANG_WARN_STRICT_PROTOTYPES = YES;
				CLANG_WARN_SUSPICIOUS_MOVE = YES;
				CLANG_WARN_UNGUARDED_AVAILABILITY = YES_AGGRESSIVE;
				CLANG_WARN_UNREACHABLE_CODE = YES;
				CLANG_WARN__DUPLICATE_METHOD_MATCH = YES;
				COPY_PHASE_STRIP = NO;
				DEBUG_INFORMATION_FORMAT = dwarf;
				ENABLE_STRICT_OBJC_MSGSEND = YES;
				ENABLE_TESTABILITY = YES;
				GCC_C_LANGUAGE_STANDARD = gnu11;
				GCC_DYNAMIC_NO_PIC = NO;
				GCC_NO_COMMON_BLOCKS = YES;
				GCC_OPTIMIZATION_LEVEL = 0;
				GCC_PREPROCESSOR_DEFINITIONS = (
					"DEBUG=1",
					"$(inherited)",
				);
				GCC_WARN_64_TO_32_BIT_CONVERSION = YES;
				GCC_WARN_ABOUT_RETURN_TYPE = YES_ERROR;
				GCC_WARN_UNDECLARED_SELECTOR = YES;
				GCC_WARN_UNINITIALIZED_AUTOS = YES_AGGRESSIVE;
				GCC_WARN_UNUSED_FUNCTION = YES;
				GCC_WARN_UNUSED_VARIABLE = YES;
				MACOSX_DEPLOYMENT_TARGET = 13.0;
				MTL_ENABLE_DEBUG_INFO = INCLUDE_SOURCE;
				MTL_FAST_MATH = YES;
				ONLY_ACTIVE_ARCH = YES;
				SDKROOT = macosx;
			};
			name = Debug;
		};
		A61D60402ABDAB040020CD54 /* Release */ = {
			isa = XCBuildConfiguration;
			buildSettings = {
				ALWAYS_SEARCH_USER_PATHS = NO;
				CLANG_ANALYZER_NONNULL = YES;
				CLANG_ANALYZER_NUMBER_OBJECT_CONVERSION = YES_AGGRESSIVE;
				CLANG_CXX_LANGUAGE_STANDARD = "gnu++20";
				CLANG_ENABLE_MODULES = YES;
				CLANG_ENABLE_OBJC_ARC = YES;
				CLANG_ENABLE_OBJC_WEAK = YES;
				CLANG_WARN_BLOCK_CAPTURE_AUTORELEASING = YES;
				CLANG_WARN_BOOL_CONVERSION = YES;
				CLANG_WARN_COMMA = YES;
				CLANG_WARN_CONSTANT_CONVERSION = YES;
				CLANG_WARN_DEPRECATED_OBJC_IMPLEMENTATIONS = YES;
				CLANG_WARN_DIRECT_OBJC_ISA_USAGE = YES_ERROR;
				CLANG_WARN_DOCUMENTATION_COMMENTS = YES;
				CLANG_WARN_EMPTY_BODY = YES;
				CLANG_WARN_ENUM_CONVERSION = YES;
				CLANG_WARN_INFINITE_RECURSION = YES;
				CLANG_WARN_INT_CONVERSION = YES;
				CLANG_WARN_NON_LITERAL_NULL_CONVERSION = YES;
				CLANG_WARN_OBJC_IMPLICIT_RETAIN_SELF = YES;
				CLANG_WARN_OBJC_LITERAL_CONVERSION = YES;
				CLANG_WARN_OBJC_ROOT_CLASS = YES_ERROR;
				CLANG_WARN_QUOTED_INCLUDE_IN_FRAMEWORK_HEADER = YES;
				CLANG_WARN_RANGE_LOOP_ANALYSIS = YES;
				CLANG_WARN_STRICT_PROTOTYPES = YES;
				CLANG_WARN_SUSPICIOUS_MOVE = YES;
				CLANG_WARN_UNGUARDED_AVAILABILITY = YES_AGGRESSIVE;
				CLANG_WARN_UNREACHABLE_CODE = YES;
				CLANG_WARN__DUPLICATE_METHOD_MATCH = YES;
				COPY_PHASE_STRIP = NO;
				DEBUG_INFORMATION_FORMAT = "dwarf-with-dsym";
				ENABLE_NS_ASSERTIONS = NO;
				ENABLE_STRICT_OBJC_MSGSEND = YES;
				GCC_C_LANGUAGE_STANDARD = gnu11;
				GCC_NO_COMMON_BLOCKS = YES;
				GCC_WARN_64_TO_32_BIT_CONVERSION = YES;
				GCC_WARN_ABOUT_RETURN_TYPE = YES_ERROR;
				GCC_WARN_UNDECLARED_SELECTOR = YES;
				GCC_WARN_UNINITIALIZED_AUTOS = YES_AGGRESSIVE;
				GCC_WARN_UNUSED_FUNCTION = YES;
				GCC_WARN_UNUSED_VARIABLE = YES;
				MACOSX_DEPLOYMENT_TARGET = 13.0;
				MTL_ENABLE_DEBUG_INFO = NO;
				MTL_FAST_MATH = YES;
				SDKROOT = macosx;
			};
			name = Release;
		};
		A61D60422ABDAB040020CD54 /* Debug */ = {
			isa = XCBuildConfiguration;
			buildSettings = {
				CODE_SIGN_STYLE = Automatic;
				HEADER_SEARCH_PATHS = "$(PROJECT_DIR)/**";
				PRODUCT_NAME = "$(TARGET_NAME)";
			};
			name = Debug;
		};
		A61D60432ABDAB040020CD54 /* Release */ = {
			isa = XCBuildConfiguration;
			buildSettings = {
				CODE_SIGN_STYLE = Automatic;
				HEADER_SEARCH_PATHS = "$(PROJECT_DIR)/**";
				PRODUCT_NAME = "$(TARGET_NAME)";
			};
			name = Release;
		};
/* End XCBuildConfiguration section */

/* Begin XCConfigurationList section */
		A61D60352ABDAB040020CD54 /* Build configuration list for PBXProject "metacleaner" */ = {
			isa = XCConfigurationList;
			buildConfigurations = (
				A61D603F2ABDAB040020CD54 /* Debug */,
				A61D60402ABDAB040020CD54 /* Release */,
			);
			defaultConfigurationIsVisible = 0;
			defaultConfigurationName = Release;
		};
		A61D60412ABDAB040020CD54 /* Build configuration list for PBXNativeTarget "metacleaner" */ = {
			isa = XCConfigurationList;
			buildConfigurations = (
				A61D60422ABDAB040020CD54 /* Debug */,
				A61D60432ABDAB040020CD54 /* Release */,
			);
			defaultConfigurationIsVisible = 0;
			defaultConfigurationName = Release;
		};
/* End XCConfigurationList section */
	};
	rootObject = A61D60322ABDAB040020CD54 /* Project object */;
}
